
Microsoft Visual Studio Solution File, Format Version 12.00
# Visual Studio 15
VisualStudioVersion = 15.0.26430.15
MinimumVisualStudioVersion = 10.0.40219.1
Project("{FAE04EC0-301F-11D3-BF4B-00C04F79EFBC}") = "MyApi", "MyApi\MyApi.csproj", "{AE6CD2CE-3F06-4E44-9330-A1FB609D4B7E}"
EndProject
Project("{E53339B2-1760-4266-BCC7-CA923CBCF16C}") = "docker-compose", "docker-compose.dcproj", "{3CF3CF46-5204-4558-ACF2-AECBF0D3B820}"
EndProject
Global
	GlobalSection(SolutionConfigurationPlatforms) = preSolution
		Debug|Any CPU = Debug|Any CPU
		Release|Any CPU = Release|Any CPU
	EndGlobalSection
	GlobalSection(ProjectConfigurationPlatforms) = postSolution
		{AE6CD2CE-3F06-4E44-9330-A1FB609D4B7E}.Debug|Any CPU.ActiveCfg = Debug|Any CPU
		{AE6CD2CE-3F06-4E44-9330-A1FB609D4B7E}.Debug|Any CPU.Build.0 = Debug|Any CPU
		{AE6CD2CE-3F06-4E44-9330-A1FB609D4B7E}.Release|Any CPU.ActiveCfg = Release|Any CPU
		{AE6CD2CE-3F06-4E44-9330-A1FB609D4B7E}.Release|Any CPU.Build.0 = Release|Any CPU
		{3CF3CF46-5204-4558-ACF2-AECBF0D3B820}.Debug|Any CPU.ActiveCfg = Debug|Any CPU
		{3CF3CF46-5204-4558-ACF2-AECBF0D3B820}.Debug|Any CPU.Build.0 = Debug|Any CPU
		{3CF3CF46-5204-4558-ACF2-AECBF0D3B820}.Release|Any CPU.ActiveCfg = Release|Any CPU
		{3CF3CF46-5204-4558-ACF2-AECBF0D3B820}.Release|Any CPU.Build.0 = Release|Any CPU
	EndGlobalSection
	GlobalSection(SolutionProperties) = preSolution
		HideSolutionNode = FALSE
	EndGlobalSection
EndGlobal
